
Microsoft Visual Studio Solution File, Format Version 12.00
# Visual Studio Version 17
VisualStudioVersion = 17.4.33205.214
MinimumVisualStudioVersion = 10.0.40219.1
Project("{E24C65DC-7377-472B-9ABA-BC803B73C61A}") = "sources3(1)", "sources3\", "{A63FB68C-AED3-4A05-A9A7-F71799986494}"
	ProjectSection(WebsiteProperties) = preProject
		TargetFrameworkMoniker = ".NETFramework,Version%3Dv4.8"
		Debug.AspNetCompiler.VirtualPath = "/localhost_23091"
		Debug.AspNetCompiler.PhysicalPath = "sources3\"
		Debug.AspNetCompiler.TargetPath = "PrecompiledWeb\localhost_23091\"
		Debug.AspNetCompiler.Updateable = "true"
		Debug.AspNetCompiler.ForceOverwrite = "true"
		Debug.AspNetCompiler.FixedNames = "false"
		Debug.AspNetCompiler.Debug = "True"
		Release.AspNetCompiler.VirtualPath = "/localhost_23091"
		Release.AspNetCompiler.PhysicalPath = "sources3\"
		Release.AspNetCompiler.TargetPath = "PrecompiledWeb\localhost_23091\"
		Release.AspNetCompiler.Updateable = "true"
		Release.AspNetCompiler.ForceOverwrite = "true"
		Release.AspNetCompiler.FixedNames = "false"
		Release.AspNetCompiler.Debug = "False"
		VWDPort = "23091"
		SlnRelativePath = "sources3\"
	EndProjectSection
EndProject
Global
	GlobalSection(SolutionConfigurationPlatforms) = preSolution
		Debug|Any CPU = Debug|Any CPU
		Release|Any CPU = Release|Any CPU
	EndGlobalSection
	GlobalSection(ProjectConfigurationPlatforms) = postSolution
		{A63FB68C-AED3-4A05-A9A7-F71799986494}.Debug|Any CPU.ActiveCfg = Debug|Any CPU
		{A63FB68C-AED3-4A05-A9A7-F71799986494}.Debug|Any CPU.Build.0 = Debug|Any CPU
		{A63FB68C-AED3-4A05-A9A7-F71799986494}.Release|Any CPU.ActiveCfg = Debug|Any CPU
		{A63FB68C-AED3-4A05-A9A7-F71799986494}.Release|Any CPU.Build.0 = Debug|Any CPU
	EndGlobalSection
	GlobalSection(SolutionProperties) = preSolution
		HideSolutionNode = FALSE
	EndGlobalSection
	GlobalSection(ExtensibilityGlobals) = postSolution
		SolutionGuid = {9795A8B5-7C90-414C-8104-D7889DE0D9F4}
	EndGlobalSection
EndGlobal
